
Microsoft Visual Studio Solution File, Format Version 12.00
# Visual Studio Version 17
VisualStudioVersion = 17.6.33829.357
MinimumVisualStudioVersion = 10.0.40219.1
Project("{9A19103F-16F7-4668-BE54-9A1E7A4F7556}") = "AspNetCoreTemplate", "AspNetCoreTemplate\AspNetCoreTemplate.csproj", "{2E27E7FA-73BF-449C-AFCE-A897ACE5CE2E}"
EndProject
Project("{9A19103F-16F7-4668-BE54-9A1E7A4F7556}") = "ULPI_Library_Core", "ULPI_Library_Core\ULPI_Library_Core.csproj", "{F001A1B8-185B-4CC2-B2DD-76021A43E75E}"
EndProject
Global
	GlobalSection(SolutionConfigurationPlatforms) = preSolution
		Debug|Any CPU = Debug|Any CPU
		Release|Any CPU = Release|Any CPU
	EndGlobalSection
	GlobalSection(ProjectConfigurationPlatforms) = postSolution
		{2E27E7FA-73BF-449C-AFCE-A897ACE5CE2E}.Debug|Any CPU.ActiveCfg = Debug|Any CPU
		{2E27E7FA-73BF-449C-AFCE-A897ACE5CE2E}.Debug|Any CPU.Build.0 = Debug|Any CPU
		{2E27E7FA-73BF-449C-AFCE-A897ACE5CE2E}.Release|Any CPU.ActiveCfg = Release|Any CPU
		{2E27E7FA-73BF-449C-AFCE-A897ACE5CE2E}.Release|Any CPU.Build.0 = Release|Any CPU
		{F001A1B8-185B-4CC2-B2DD-76021A43E75E}.Debug|Any CPU.ActiveCfg = Debug|Any CPU
		{F001A1B8-185B-4CC2-B2DD-76021A43E75E}.Debug|Any CPU.Build.0 = Debug|Any CPU
		{F001A1B8-185B-4CC2-B2DD-76021A43E75E}.Release|Any CPU.ActiveCfg = Release|Any CPU
		{F001A1B8-185B-4CC2-B2DD-76021A43E75E}.Release|Any CPU.Build.0 = Release|Any CPU
	EndGlobalSection
	GlobalSection(SolutionProperties) = preSolution
		HideSolutionNode = FALSE
	EndGlobalSection
	GlobalSection(ExtensibilityGlobals) = postSolution
		SolutionGuid = {8659D30D-F4EE-4F8E-BDF3-E229C5D79D59}
	EndGlobalSection
EndGlobal
